// !$*UTF8*$!
{
	archiveVersion = 1;
	classes = {
	};
	objectVersion = 77;
	objects = {

/* Begin PBXBuildFile section */
		F280ABFB30495A8000716662 /* NetworkClient.swift in Sources */ = {isa = PBXBuildFile; fileRef = F280ABFA3049585F00716662 /* NetworkClient.swift */; };
		F280ABFC30495AA300716662 /* EventExtractionService.swift in Sources */ = {isa = PBXBuildFile; fileRef = F280ABEA30487FB800716662 /* EventExtractionService.swift */; };
		F280ABFD30495AAE00716662 /* EventExtractionError.swift in Sources */ = {isa = PBXBuildFile; fileRef = F280ABE730487E7A00716662 /* EventExtractionError.swift */; };
		F280ABFE30495AE600716662 /* AnthropicModels.swift in Sources */ = {isa = PBXBuildFile; fileRef = F280ABE830487F0E00716662 /* AnthropicModels.swift */; };
		F280ABFF30495AEF00716662 /* APIConfig.swift in Sources */ = {isa = PBXBuildFile; fileRef = F280ABE930487FB100716662 /* APIConfig.swift */; };
		F280AC0030495AFA00716662 /* Evento.swift in Sources */ = {isa = PBXBuildFile; fileRef = F280ABE530487DEF00716662 /* Evento.swift */; };
		F280AC0130495B0100716662 /* Pictograma.swift in Sources */ = {isa = PBXBuildFile; fileRef = F280ABE630487E1D00716662 /* Pictograma.swift */; };
		F280AC043049687E00716662 /* EventoInputView.swift in Sources */ = {isa = PBXBuildFile; fileRef = F280AC03304967A900716662 /* EventoInputView.swift */; };
		F280AC053049688B00716662 /* EventExtractionViewModel.swift in Sources */ = {isa = PBXBuildFile; fileRef = F280AC023049677500716662 /* EventExtractionViewModel.swift */; };
		F280AC0730496BEF00716662 /* PictogramaError.swift in Sources */ = {isa = PBXBuildFile; fileRef = F280AC0630496BEC00716662 /* PictogramaError.swift */; };
		F280AC0930496CA700716662 /* ArasaacModels.swift in Sources */ = {isa = PBXBuildFile; fileRef = F280AC0830496CA200716662 /* ArasaacModels.swift */; };
		F280AC0B30496CFD00716662 /* ArasaacService.swift in Sources */ = {isa = PBXBuildFile; fileRef = F280AC0A30496CFA00716662 /* ArasaacService.swift */; };
		F280AC1030496E2900716662 /* PictogramaSelectionService.swift in Sources */ = {isa = PBXBuildFile; fileRef = F280AC0F30496E2600716662 /* PictogramaSelectionService.swift */; };
		F280AC1230496E9200716662 /* AgendaBuilder.swift in Sources */ = {isa = PBXBuildFile; fileRef = F280AC1130496E9000716662 /* AgendaBuilder.swift */; };
		F280AC193049703400716662 /* PictogramaFilaView.swift in Sources */ = {isa = PBXBuildFile; fileRef = F280AC183049703100716662 /* PictogramaFilaView.swift */; };
		F280AC1B3049704F00716662 /* AgendaView.swift in Sources */ = {isa = PBXBuildFile; fileRef = F280AC1A3049704C00716662 /* AgendaView.swift */; };
		F280AC1D304B52C700716662 /* PictogramaCache.swift in Sources */ = {isa = PBXBuildFile; fileRef = F280AC1C304B52C300716662 /* PictogramaCache.swift */; };
		F280AC26304CA9BE00716662 /* Secrets.xcconfig in Resources */ = {isa = PBXBuildFile; fileRef = F280AC25304CA9BE00716662 /* Secrets.xcconfig */; };
/* End PBXBuildFile section */

/* Begin PBXContainerItemProxy section */
		F280ABF5304957CD00716662 /* PBXContainerItemProxy */ = {
			isa = PBXContainerItemProxy;
			containerPortal = F2201683304727BF007F95B7 /* Project object */;
			proxyType = 1;
			remoteGlobalIDString = F220168A304727BF007F95B7;
			remoteInfo = PictoDia;
		};
/* End PBXContainerItemProxy section */

/* Begin PBXFileReference section */
		F220168B304727BF007F95B7 /* PictoDia.app */ = {isa = PBXFileReference; explicitFileType = wrapper.application; includeInIndex = 0; path = PictoDia.app; sourceTree = BUILT_PRODUCTS_DIR; };
		F280ABE530487DEF00716662 /* Evento.swift */ = {isa = PBXFileReference; lastKnownFileType = sourcecode.swift; path = Evento.swift; sourceTree = "<group>"; };
		F280ABE630487E1D00716662 /* Pictograma.swift */ = {isa = PBXFileReference; lastKnownFileType = sourcecode.swift; path = Pictograma.swift; sourceTree = "<group>"; };
		F280ABE730487E7A00716662 /* EventExtractionError.swift */ = {isa = PBXFileReference; lastKnownFileType = sourcecode.swift; path = EventExtractionError.swift; sourceTree = "<group>"; };
		F280ABE830487F0E00716662 /* AnthropicModels.swift */ = {isa = PBXFileReference; lastKnownFileType = sourcecode.swift; path = AnthropicModels.swift; sourceTree = "<group>"; };
		F280ABE930487FB100716662 /* APIConfig.swift */ = {isa = PBXFileReference; lastKnownFileType = sourcecode.swift; path = APIConfig.swift; sourceTree = "<group>"; };
		F280ABEA30487FB800716662 /* EventExtractionService.swift */ = {isa = PBXFileReference; lastKnownFileType = sourcecode.swift; path = EventExtractionService.swift; sourceTree = "<group>"; };
		F280ABF1304957CD00716662 /* PictoDiaTests.xctest */ = {isa = PBXFileReference; explicitFileType = wrapper.cfbundle; includeInIndex = 0; path = PictoDiaTests.xctest; sourceTree = BUILT_PRODUCTS_DIR; };
		F280ABFA3049585F00716662 /* NetworkClient.swift */ = {isa = PBXFileReference; lastKnownFileType = sourcecode.swift; path = NetworkClient.swift; sourceTree = "<group>"; };
		F280AC023049677500716662 /* EventExtractionViewModel.swift */ = {isa = PBXFileReference; lastKnownFileType = sourcecode.swift; path = EventExtractionViewModel.swift; sourceTree = "<group>"; };
		F280AC03304967A900716662 /* EventoInputView.swift */ = {isa = PBXFileReference; lastKnownFileType = sourcecode.swift; path = EventoInputView.swift; sourceTree = "<group>"; };
		F280AC0630496BEC00716662 /* PictogramaError.swift */ = {isa = PBXFileReference; lastKnownFileType = sourcecode.swift; path = PictogramaError.swift; sourceTree = "<group>"; };
		F280AC0830496CA200716662 /* ArasaacModels.swift */ = {isa = PBXFileReference; lastKnownFileType = sourcecode.swift; path = ArasaacModels.swift; sourceTree = "<group>"; };
		F280AC0A30496CFA00716662 /* ArasaacService.swift */ = {isa = PBXFileReference; lastKnownFileType = sourcecode.swift; path = ArasaacService.swift; sourceTree = "<group>"; };
		F280AC0F30496E2600716662 /* PictogramaSelectionService.swift */ = {isa = PBXFileReference; lastKnownFileType = sourcecode.swift; path = PictogramaSelectionService.swift; sourceTree = "<group>"; };
		F280AC1130496E9000716662 /* AgendaBuilder.swift */ = {isa = PBXFileReference; lastKnownFileType = sourcecode.swift; path = AgendaBuilder.swift; sourceTree = "<group>"; };
		F280AC183049703100716662 /* PictogramaFilaView.swift */ = {isa = PBXFileReference; lastKnownFileType = sourcecode.swift; path = PictogramaFilaView.swift; sourceTree = "<group>"; };
		F280AC1A3049704C00716662 /* AgendaView.swift */ = {isa = PBXFileReference; lastKnownFileType = sourcecode.swift; path = AgendaView.swift; sourceTree = "<group>"; };
		F280AC1C304B52C300716662 /* PictogramaCache.swift */ = {isa = PBXFileReference; lastKnownFileType = sourcecode.swift; path = PictogramaCache.swift; sourceTree = "<group>"; };
		F280AC25304CA9BE00716662 /* Secrets.xcconfig */ = {isa = PBXFileReference; lastKnownFileType = text.xcconfig; path = Secrets.xcconfig; sourceTree = "<group>"; };
/* End PBXFileReference section */

/* Begin PBXFileSystemSynchronizedBuildFileExceptionSet section */
		F280AC28304CADF300716662 /* Exceptions for "PictoDia" folder in "PictoDia" target */ = {
			isa = PBXFileSystemSynchronizedBuildFileExceptionSet;
			membershipExceptions = (
				Info.plist,
			);
			target = F220168A304727BF007F95B7 /* PictoDia */;
		};
/* End PBXFileSystemSynchronizedBuildFileExceptionSet section */

/* Begin PBXFileSystemSynchronizedRootGroup section */
		F220168D304727BF007F95B7 /* PictoDia */ = {
			isa = PBXFileSystemSynchronizedRootGroup;
			exceptions = (
				F280AC28304CADF300716662 /* Exceptions for "PictoDia" folder in "PictoDia" target */,
			);
			path = PictoDia;
			sourceTree = "<group>";
		};
		F280ABF2304957CD00716662 /* PictoDiaTests */ = {
			isa = PBXFileSystemSynchronizedRootGroup;
			path = PictoDiaTests;
			sourceTree = "<group>";
		};
/* End PBXFileSystemSynchronizedRootGroup section */

/* Begin PBXFrameworksBuildPhase section */
		F2201688304727BF007F95B7 /* Frameworks */ = {
			isa = PBXFrameworksBuildPhase;
			buildActionMask = 2147483647;
			files = (
			);
			runOnlyForDeploymentPostprocessing = 0;
		};
		F280ABEE304957CD00716662 /* Frameworks */ = {
			isa = PBXFrameworksBuildPhase;
			buildActionMask = 2147483647;
			files = (
			);
			runOnlyForDeploymentPostprocessing = 0;
		};
/* End PBXFrameworksBuildPhase section */

/* Begin PBXGroup section */
		F2201682304727BF007F95B7 = {
			isa = PBXGroup;
			children = (
				F280AC25304CA9BE00716662 /* Secrets.xcconfig */,
				F280ABE430487DC800716662 /* Views */,
				F280ABE330487D8700716662 /* ViewModels */,
				F280ABE230487D7800716662 /* Services */,
				F280ABE130487D6900716662 /* Models */,
				F220168D304727BF007F95B7 /* PictoDia */,
				F280ABF2304957CD00716662 /* PictoDiaTests */,
				F220168C304727BF007F95B7 /* Products */,
			);
			sourceTree = "<group>";
		};
		F220168C304727BF007F95B7 /* Products */ = {
			isa = PBXGroup;
			children = (
				F220168B304727BF007F95B7 /* PictoDia.app */,
				F280ABF1304957CD00716662 /* PictoDiaTests.xctest */,
			);
			name = Products;
			sourceTree = "<group>";
		};
		F280ABE130487D6900716662 /* Models */ = {
			isa = PBXGroup;
			children = (
				F280ABE630487E1D00716662 /* Pictograma.swift */,
				F280ABE530487DEF00716662 /* Evento.swift */,
			);
			path = Models;
			sourceTree = "<group>";
		};
		F280ABE230487D7800716662 /* Services */ = {
			isa = PBXGroup;
			children = (
				F280AC1C304B52C300716662 /* PictogramaCache.swift */,
				F280AC1130496E9000716662 /* AgendaBuilder.swift */,
				F280AC0F30496E2600716662 /* PictogramaSelectionService.swift */,
				F280AC0A30496CFA00716662 /* ArasaacService.swift */,
				F280AC0830496CA200716662 /* ArasaacModels.swift */,
				F280AC0630496BEC00716662 /* PictogramaError.swift */,
				F280ABFA3049585F00716662 /* NetworkClient.swift */,
				F280ABEA30487FB800716662 /* EventExtractionService.swift */,
				F280ABE930487FB100716662 /* APIConfig.swift */,
				F280ABE830487F0E00716662 /* AnthropicModels.swift */,
				F280ABE730487E7A00716662 /* EventExtractionError.swift */,
			);
			path = Services;
			sourceTree = "<group>";
		};
		F280ABE330487D8700716662 /* ViewModels */ = {
			isa = PBXGroup;
			children = (
				F280AC023049677500716662 /* EventExtractionViewModel.swift */,
			);
			path = ViewModels;
			sourceTree = "<group>";
		};
		F280ABE430487DC800716662 /* Views */ = {
			isa = PBXGroup;
			children = (
				F280AC1A3049704C00716662 /* AgendaView.swift */,
				F280AC183049703100716662 /* PictogramaFilaView.swift */,
				F280AC03304967A900716662 /* EventoInputView.swift */,
			);
			path = Views;
			sourceTree = "<group>";
		};
/* End PBXGroup section */

/* Begin PBXNativeTarget section */
		F220168A304727BF007F95B7 /* PictoDia */ = {
			isa = PBXNativeTarget;
			buildConfigurationList = F2201696304727C0007F95B7 /* Build configuration list for PBXNativeTarget "PictoDia" */;
			buildPhases = (
				F2201687304727BF007F95B7 /* Sources */,
				F2201688304727BF007F95B7 /* Frameworks */,
				F2201689304727BF007F95B7 /* Resources */,
			);
			buildRules = (
			);
			dependencies = (
			);
			fileSystemSynchronizedGroups = (
				F220168D304727BF007F95B7 /* PictoDia */,
			);
			name = PictoDia;
			packageProductDependencies = (
			);
			productName = PictoDia;
			productReference = F220168B304727BF007F95B7 /* PictoDia.app */;
			productType = "com.apple.product-type.application";
		};
		F280ABF0304957CD00716662 /* PictoDiaTests */ = {
			isa = PBXNativeTarget;
			buildConfigurationList = F280ABF7304957CD00716662 /* Build configuration list for PBXNativeTarget "PictoDiaTests" */;
			buildPhases = (
				F280ABED304957CD00716662 /* Sources */,
				F280ABEE304957CD00716662 /* Frameworks */,
				F280ABEF304957CD00716662 /* Resources */,
			);
			buildRules = (
			);
			dependencies = (
				F280ABF6304957CD00716662 /* PBXTargetDependency */,
			);
			fileSystemSynchronizedGroups = (
				F280ABF2304957CD00716662 /* PictoDiaTests */,
			);
			name = PictoDiaTests;
			packageProductDependencies = (
			);
			productName = PictoDiaTests;
			productReference = F280ABF1304957CD00716662 /* PictoDiaTests.xctest */;
			productType = "com.apple.product-type.bundle.unit-test";
		};
/* End PBXNativeTarget section */

/* Begin PBXProject section */
		F2201683304727BF007F95B7 /* Project object */ = {
			isa = PBXProject;
			attributes = {
				BuildIndependentTargetsInParallel = 1;
				LastSwiftUpdateCheck = 2660;
				LastUpgradeCheck = 2660;
				TargetAttributes = {
					F220168A304727BF007F95B7 = {
						CreatedOnToolsVersion = 26.6;
					};
					F280ABF0304957CD00716662 = {
						CreatedOnToolsVersion = 26.6;
						TestTargetID = F220168A304727BF007F95B7;
					};
				};
			};
			buildConfigurationList = F2201686304727BF007F95B7 /* Build configuration list for PBXProject "PictoDia" */;
			developmentRegion = en;
			hasScannedForEncodings = 0;
			knownRegions = (
				en,
				Base,
			);
			mainGroup = F2201682304727BF007F95B7;
			minimizedProjectReferenceProxies = 1;
			preferredProjectObjectVersion = 77;
			productRefGroup = F220168C304727BF007F95B7 /* Products */;
			projectDirPath = "";
			projectRoot = "";
			targets = (
				F220168A304727BF007F95B7 /* PictoDia */,
				F280ABF0304957CD00716662 /* PictoDiaTests */,
			);
		};
/* End PBXProject section */

/* Begin PBXResourcesBuildPhase section */
		F2201689304727BF007F95B7 /* Resources */ = {
			isa = PBXResourcesBuildPhase;
			buildActionMask = 2147483647;
			files = (
				F280AC26304CA9BE00716662 /* Secrets.xcconfig in Resources */,
			);
			runOnlyForDeploymentPostprocessing = 0;
		};
		F280ABEF304957CD00716662 /* Resources */ = {
			isa = PBXResourcesBuildPhase;
			buildActionMask = 2147483647;
			files = (
			);
			runOnlyForDeploymentPostprocessing = 0;
		};
/* End PBXResourcesBuildPhase section */

/* Begin PBXSourcesBuildPhase section */
		F2201687304727BF007F95B7 /* Sources */ = {
			isa = PBXSourcesBuildPhase;
			buildActionMask = 2147483647;
			files = (
				F280AC0130495B0100716662 /* Pictograma.swift in Sources */,
				F280AC0730496BEF00716662 /* PictogramaError.swift in Sources */,
				F280AC1B3049704F00716662 /* AgendaView.swift in Sources */,
				F280AC0030495AFA00716662 /* Evento.swift in Sources */,
				F280AC193049703400716662 /* PictogramaFilaView.swift in Sources */,
				F280AC053049688B00716662 /* EventExtractionViewModel.swift in Sources */,
				F280AC0B30496CFD00716662 /* ArasaacService.swift in Sources */,
				F280AC1230496E9200716662 /* AgendaBuilder.swift in Sources */,
				F280ABFE30495AE600716662 /* AnthropicModels.swift in Sources */,
				F280AC0930496CA700716662 /* ArasaacModels.swift in Sources */,
				F280AC1D304B52C700716662 /* PictogramaCache.swift in Sources */,
				F280ABFD30495AAE00716662 /* EventExtractionError.swift in Sources */,
				F280ABFB30495A8000716662 /* NetworkClient.swift in Sources */,
				F280AC1030496E2900716662 /* PictogramaSelectionService.swift in Sources */,
				F280ABFC30495AA300716662 /* EventExtractionService.swift in Sources */,
				F280AC043049687E00716662 /* EventoInputView.swift in Sources */,
				F280ABFF30495AEF00716662 /* APIConfig.swift in Sources */,
			);
			runOnlyForDeploymentPostprocessing = 0;
		};
		F280ABED304957CD00716662 /* Sources */ = {
			isa = PBXSourcesBuildPhase;
			buildActionMask = 2147483647;
			files = (
			);
			runOnlyForDeploymentPostprocessing = 0;
		};
/* End PBXSourcesBuildPhase section */

/* Begin PBXTargetDependency section */
		F280ABF6304957CD00716662 /* PBXTargetDependency */ = {
			isa = PBXTargetDependency;
			target = F220168A304727BF007F95B7 /* PictoDia */;
			targetProxy = F280ABF5304957CD00716662 /* PBXContainerItemProxy */;
		};
/* End PBXTargetDependency section */

/* Begin XCBuildConfiguration section */
		F2201694304727C0007F95B7 /* Debug */ = {
			isa = XCBuildConfiguration;
			baseConfigurationReference = F280AC25304CA9BE00716662 /* Secrets.xcconfig */;
			buildSettings = {
				ALWAYS_SEARCH_USER_PATHS = NO;
				ASSETCATALOG_COMPILER_GENERATE_SWIFT_ASSET_SYMBOL_EXTENSIONS = YES;
				CLANG_ANALYZER_NONNULL = YES;
				CLANG_ANALYZER_NUMBER_OBJECT_CONVERSION = YES_AGGRESSIVE;
				CLANG_CXX_LANGUAGE_STANDARD = "gnu++20";
				CLANG_ENABLE_MODULES = YES;
				CLANG_ENABLE_OBJC_ARC = YES;
				CLANG_ENABLE_OBJC_WEAK = YES;
				CLANG_WARN_BLOCK_CAPTURE_AUTORELEASING = YES;
				CLANG_WARN_BOOL_CONVERSION = YES;
				CLANG_WARN_COMMA = YES;
				CLANG_WARN_CONSTANT_CONVERSION = YES;
				CLANG_WARN_DEPRECATED_OBJC_IMPLEMENTATIONS = YES;
				CLANG_WARN_DIRECT_OBJC_ISA_USAGE = YES_ERROR;
				CLANG_WARN_DOCUMENTATION_COMMENTS = YES;
				CLANG_WARN_EMPTY_BODY = YES;
				CLANG_WARN_ENUM_CONVERSION = YES;
				CLANG_WARN_INFINITE_RECURSION = YES;
				CLANG_WARN_INT_CONVERSION = YES;
				CLANG_WARN_NON_LITERAL_NULL_CONVERSION = YES;
				CLANG_WARN_OBJC_IMPLICIT_RETAIN_SELF = YES;
				CLANG_WARN_OBJC_LITERAL_CONVERSION = YES;
				CLANG_WARN_OBJC_ROOT_CLASS = YES_ERROR;
				CLANG_WARN_QUOTED_INCLUDE_IN_FRAMEWORK_HEADER = YES;
				CLANG_WARN_RANGE_LOOP_ANALYSIS = YES;
				CLANG_WARN_STRICT_PROTOTYPES = YES;
				CLANG_WARN_SUSPICIOUS_MOVE = YES;
				CLANG_WARN_UNGUARDED_AVAILABILITY = YES_AGGRESSIVE;
				CLANG_WARN_UNREACHABLE_CODE = YES;
				CLANG_WARN__DUPLICATE_METHOD_MATCH = YES;
				COPY_PHASE_STRIP = NO;
				DEBUG_INFORMATION_FORMAT = dwarf;
				ENABLE_STRICT_OBJC_MSGSEND = YES;
				ENABLE_TESTABILITY = YES;
				ENABLE_USER_SCRIPT_SANDBOXING = YES;
				GCC_C_LANGUAGE_STANDARD = gnu17;
				GCC_DYNAMIC_NO_PIC = NO;
				GCC_NO_COMMON_BLOCKS = YES;
				GCC_OPTIMIZATION_LEVEL = 0;
				GCC_PREPROCESSOR_DEFINITIONS = (
					"DEBUG=1",
					"$(inherited)",
				);
				GCC_WARN_64_TO_32_BIT_CONVERSION = YES;
				GCC_WARN_ABOUT_RETURN_TYPE = YES_ERROR;
				GCC_WARN_UNDECLARED_SELECTOR = YES;
				GCC_WARN_UNINITIALIZED_AUTOS = YES_AGGRESSIVE;
				GCC_WARN_UNUSED_FUNCTION = YES;
				GCC_WARN_UNUSED_VARIABLE = YES;
				IPHONEOS_DEPLOYMENT_TARGET = 26.5;
				LOCALIZATION_PREFERS_STRING_CATALOGS = YES;
				MTL_ENABLE_DEBUG_INFO = INCLUDE_SOURCE;
				MTL_FAST_MATH = YES;
				ONLY_ACTIVE_ARCH = YES;
				SDKROOT = iphoneos;
				SWIFT_ACTIVE_COMPILATION_CONDITIONS = "DEBUG $(inherited)";
				SWIFT_OPTIMIZATION_LEVEL = "-Onone";
			};
			name = Debug;
		};
		F2201695304727C0007F95B7 /* Release */ = {
			isa = XCBuildConfiguration;
			baseConfigurationReference = F280AC25304CA9BE00716662 /* Secrets.xcconfig */;
			buildSettings = {
				ALWAYS_SEARCH_USER_PATHS = NO;
				ASSETCATALOG_COMPILER_GENERATE_SWIFT_ASSET_SYMBOL_EXTENSIONS = YES;
				CLANG_ANALYZER_NONNULL = YES;
				CLANG_ANALYZER_NUMBER_OBJECT_CONVERSION = YES_AGGRESSIVE;
				CLANG_CXX_LANGUAGE_STANDARD = "gnu++20";
				CLANG_ENABLE_MODULES = YES;
				CLANG_ENABLE_OBJC_ARC = YES;
				CLANG_ENABLE_OBJC_WEAK = YES;
				CLANG_WARN_BLOCK_CAPTURE_AUTORELEASING = YES;
				CLANG_WARN_BOOL_CONVERSION = YES;
				CLANG_WARN_COMMA = YES;
				CLANG_WARN_CONSTANT_CONVERSION = YES;
				CLANG_WARN_DEPRECATED_OBJC_IMPLEMENTATIONS = YES;
				CLANG_WARN_DIRECT_OBJC_ISA_USAGE = YES_ERROR;
				CLANG_WARN_DOCUMENTATION_COMMENTS = YES;
				CLANG_WARN_EMPTY_BODY = YES;
				CLANG_WARN_ENUM_CONVERSION = YES;
				CLANG_WARN_INFINITE_RECURSION = YES;
				CLANG_WARN_INT_CONVERSION = YES;
				CLANG_WARN_NON_LITERAL_NULL_CONVERSION = YES;
				CLANG_WARN_OBJC_IMPLICIT_RETAIN_SELF = YES;
				CLANG_WARN_OBJC_LITERAL_CONVERSION = YES;
				CLANG_WARN_OBJC_ROOT_CLASS = YES_ERROR;
				CLANG_WARN_QUOTED_INCLUDE_IN_FRAMEWORK_HEADER = YES;
				CLANG_WARN_RANGE_LOOP_ANALYSIS = YES;
				CLANG_WARN_STRICT_PROTOTYPES = YES;
				CLANG_WARN_SUSPICIOUS_MOVE = YES;
				CLANG_WARN_UNGUARDED_AVAILABILITY = YES_AGGRESSIVE;
				CLANG_WARN_UNREACHABLE_CODE = YES;
				CLANG_WARN__DUPLICATE_METHOD_MATCH = YES;
				COPY_PHASE_STRIP = NO;
				DEBUG_INFORMATION_FORMAT = "dwarf-with-dsym";
				ENABLE_NS_ASSERTIONS = NO;
				ENABLE_STRICT_OBJC_MSGSEND = YES;
				ENABLE_USER_SCRIPT_SANDBOXING = YES;
				GCC_C_LANGUAGE_STANDARD = gnu17;
				GCC_NO_COMMON_BLOCKS = YES;
				GCC_WARN_64_TO_32_BIT_CONVERSION = YES;
				GCC_WARN_ABOUT_RETURN_TYPE = YES_ERROR;
				GCC_WARN_UNDECLARED_SELECTOR = YES;
				GCC_WARN_UNINITIALIZED_AUTOS = YES_AGGRESSIVE;
				GCC_WARN_UNUSED_FUNCTION = YES;
				GCC_WARN_UNUSED_VARIABLE = YES;
				IPHONEOS_DEPLOYMENT_TARGET = 26.5;
				LOCALIZATION_PREFERS_STRING_CATALOGS = YES;
				MTL_ENABLE_DEBUG_INFO = NO;
				MTL_FAST_MATH = YES;
				SDKROOT = iphoneos;
				SWIFT_COMPILATION_MODE = wholemodule;
				VALIDATE_PRODUCT = YES;
			};
			name = Release;
		};
		F2201697304727C0007F95B7 /* Debug */ = {
			isa = XCBuildConfiguration;
			baseConfigurationReference = F280AC25304CA9BE00716662 /* Secrets.xcconfig */;
			buildSettings = {
				ASSETCATALOG_COMPILER_APPICON_NAME = AppIcon;
				ASSETCATALOG_COMPILER_GLOBAL_ACCENT_COLOR_NAME = AccentColor;
				CODE_SIGN_STYLE = Automatic;
				CURRENT_PROJECT_VERSION = 1;
				ENABLE_PREVIEWS = YES;
				GENERATE_INFOPLIST_FILE = YES;
				INFOPLIST_FILE = PictoDia/Info.plist;
				INFOPLIST_KEY_UIApplicationSceneManifest_Generation = YES;
				INFOPLIST_KEY_UIApplicationSupportsIndirectInputEvents = YES;
				INFOPLIST_KEY_UILaunchScreen_Generation = YES;
				INFOPLIST_KEY_UISupportedInterfaceOrientations_iPad = "UIInterfaceOrientationPortrait UIInterfaceOrientationPortraitUpsideDown UIInterfaceOrientationLandscapeLeft UIInterfaceOrientationLandscapeRight";
				INFOPLIST_KEY_UISupportedInterfaceOrientations_iPhone = "UIInterfaceOrientationPortrait UIInterfaceOrientationLandscapeLeft UIInterfaceOrientationLandscapeRight";
				LD_RUNPATH_SEARCH_PATHS = (
					"$(inherited)",
					"@executable_path/Frameworks",
				);
				MARKETING_VERSION = 1.0;
				PRODUCT_BUNDLE_IDENTIFIER = com.ilias.PictoDia;
				PRODUCT_NAME = "$(TARGET_NAME)";
				STRING_CATALOG_GENERATE_SYMBOLS = YES;
				SWIFT_APPROACHABLE_CONCURRENCY = YES;
				SWIFT_DEFAULT_ACTOR_ISOLATION = MainActor;
				SWIFT_EMIT_LOC_STRINGS = YES;
				SWIFT_UPCOMING_FEATURE_MEMBER_IMPORT_VISIBILITY = YES;
				SWIFT_VERSION = 5.0;
				TARGETED_DEVICE_FAMILY = "1,2";
			};
			name = Debug;
		};
		F2201698304727C0007F95B7 /* Release */ = {
			isa = XCBuildConfiguration;
			baseConfigurationReference = F280AC25304CA9BE00716662 /* Secrets.xcconfig */;
			buildSettings = {
				ASSETCATALOG_COMPILER_APPICON_NAME = AppIcon;
				ASSETCATALOG_COMPILER_GLOBAL_ACCENT_COLOR_NAME = AccentColor;
				CODE_SIGN_STYLE = Automatic;
				CURRENT_PROJECT_VERSION = 1;
				ENABLE_PREVIEWS = YES;
				GENERATE_INFOPLIST_FILE = YES;
				INFOPLIST_FILE = PictoDia/Info.plist;
				INFOPLIST_KEY_UIApplicationSceneManifest_Generation = YES;
				INFOPLIST_KEY_UIApplicationSupportsIndirectInputEvents = YES;
				INFOPLIST_KEY_UILaunchScreen_Generation = YES;
				INFOPLIST_KEY_UISupportedInterfaceOrientations_iPad = "UIInterfaceOrientationPortrait UIInterfaceOrientationPortraitUpsideDown UIInterfaceOrientationLandscapeLeft UIInterfaceOrientationLandscapeRight";
				INFOPLIST_KEY_UISupportedInterfaceOrientations_iPhone = "UIInterfaceOrientationPortrait UIInterfaceOrientationLandscapeLeft UIInterfaceOrientationLandscapeRight";
				LD_RUNPATH_SEARCH_PATHS = (
					"$(inherited)",
					"@executable_path/Frameworks",
				);
				MARKETING_VERSION = 1.0;
				PRODUCT_BUNDLE_IDENTIFIER = com.ilias.PictoDia;
				PRODUCT_NAME = "$(TARGET_NAME)";
				STRING_CATALOG_GENERATE_SYMBOLS = YES;
				SWIFT_APPROACHABLE_CONCURRENCY = YES;
				SWIFT_DEFAULT_ACTOR_ISOLATION = MainActor;
				SWIFT_EMIT_LOC_STRINGS = YES;
				SWIFT_UPCOMING_FEATURE_MEMBER_IMPORT_VISIBILITY = YES;
				SWIFT_VERSION = 5.0;
				TARGETED_DEVICE_FAMILY = "1,2";
			};
			name = Release;
		};
		F280ABF8304957CD00716662 /* Debug */ = {
			isa = XCBuildConfiguration;
			buildSettings = {
				BUNDLE_LOADER = "$(TEST_HOST)";
				CODE_SIGN_STYLE = Automatic;
				CURRENT_PROJECT_VERSION = 1;
				GENERATE_INFOPLIST_FILE = YES;
				MARKETING_VERSION = 1.0;
				PRODUCT_BUNDLE_IDENTIFIER = com.ilias.PictoDiaTests;
				PRODUCT_NAME = "$(TARGET_NAME)";
				STRING_CATALOG_GENERATE_SYMBOLS = NO;
				SWIFT_APPROACHABLE_CONCURRENCY = YES;
				SWIFT_EMIT_LOC_STRINGS = NO;
				SWIFT_UPCOMING_FEATURE_MEMBER_IMPORT_VISIBILITY = YES;
				SWIFT_VERSION = 5.0;
				TARGETED_DEVICE_FAMILY = "1,2";
				TEST_HOST = "$(BUILT_PRODUCTS_DIR)/PictoDia.app/$(BUNDLE_EXECUTABLE_FOLDER_PATH)/PictoDia";
			};
			name = Debug;
		};
		F280ABF9304957CD00716662 /* Release */ = {
			isa = XCBuildConfiguration;
			buildSettings = {
				BUNDLE_LOADER = "$(TEST_HOST)";
				CODE_SIGN_STYLE = Automatic;
				CURRENT_PROJECT_VERSION = 1;
				GENERATE_INFOPLIST_FILE = YES;
				MARKETING_VERSION = 1.0;
				PRODUCT_BUNDLE_IDENTIFIER = com.ilias.PictoDiaTests;
				PRODUCT_NAME = "$(TARGET_NAME)";
				STRING_CATALOG_GENERATE_SYMBOLS = NO;
				SWIFT_APPROACHABLE_CONCURRENCY = YES;
				SWIFT_EMIT_LOC_STRINGS = NO;
				SWIFT_UPCOMING_FEATURE_MEMBER_IMPORT_VISIBILITY = YES;
				SWIFT_VERSION = 5.0;
				TARGETED_DEVICE_FAMILY = "1,2";
				TEST_HOST = "$(BUILT_PRODUCTS_DIR)/PictoDia.app/$(BUNDLE_EXECUTABLE_FOLDER_PATH)/PictoDia";
			};
			name = Release;
		};
/* End XCBuildConfiguration section */

/* Begin XCConfigurationList section */
		F2201686304727BF007F95B7 /* Build configuration list for PBXProject "PictoDia" */ = {
			isa = XCConfigurationList;
			buildConfigurations = (
				F2201694304727C0007F95B7 /* Debug */,
				F2201695304727C0007F95B7 /* Release */,
			);
			defaultConfigurationIsVisible = 0;
			defaultConfigurationName = Release;
		};
		F2201696304727C0007F95B7 /* Build configuration list for PBXNativeTarget "PictoDia" */ = {
			isa = XCConfigurationList;
			buildConfigurations = (
				F2201697304727C0007F95B7 /* Debug */,
				F2201698304727C0007F95B7 /* Release */,
			);
			defaultConfigurationIsVisible = 0;
			defaultConfigurationName = Release;
		};
		F280ABF7304957CD00716662 /* Build configuration list for PBXNativeTarget "PictoDiaTests" */ = {
			isa = XCConfigurationList;
			buildConfigurations = (
				F280ABF8304957CD00716662 /* Debug */,
				F280ABF9304957CD00716662 /* Release */,
			);
			defaultConfigurationIsVisible = 0;
			defaultConfigurationName = Release;
		};
/* End XCConfigurationList section */
	};
	rootObject = F2201683304727BF007F95B7 /* Project object */;
}
